{
  "object": {
    "pins": [
      {
        "package": "MLPDFReaderSDK",
        "repositoryURL": "https://github.com/miLibris/ios-milibris-pdf-reader-sdk",
        "state": {
          "branch": null,
          "revision": "e3406308d4b5d546e7260b6711739ac1586512a1",
          "version": null
        }
      }
    ]
  },
  "version": 1
}
