// !$*UTF8*$!
{
	archiveVersion = 1;
	classes = {
	};
	objectVersion = 46;
	objects = {

/* Begin PBXBuildFile section */
		55694864216659D8007D2801 /* MLPDFReaderSDK.framework in Frameworks */ = {isa = PBXBuildFile; fileRef = 55694863216659D8007D2801 /* MLPDFReaderSDK.framework */; };
		55694865216659D8007D2801 /* MLPDFReaderSDK.framework in Embed Frameworks */ = {isa = PBXBuildFile; fileRef = 55694863216659D8007D2801 /* MLPDFReaderSDK.framework */; settings = {ATTRIBUTES = (CodeSignOnCopy, RemoveHeadersOnCopy, ); }; };
		5569486A21667F0C007D2801 /* sample.complete in Resources */ = {isa = PBXBuildFile; fileRef = 5569486921667F0C007D2801 /* sample.complete */; };
		7E5C21371B9EE95900FF1A34 /* AppDelegate.swift in Sources */ = {isa = PBXBuildFile; fileRef = 7E5C21361B9EE95900FF1A34 /* AppDelegate.swift */; };
		7E5C21391B9EE95900FF1A34 /* ViewController.swift in Sources */ = {isa = PBXBuildFile; fileRef = 7E5C21381B9EE95900FF1A34 /* ViewController.swift */; };
		7E5C213C1B9EE95900FF1A34 /* Main.storyboard in Resources */ = {isa = PBXBuildFile; fileRef = 7E5C213A1B9EE95900FF1A34 /* Main.storyboard */; };
		7E5C213E1B9EE95900FF1A34 /* Images.xcassets in Resources */ = {isa = PBXBuildFile; fileRef = 7E5C213D1B9EE95900FF1A34 /* Images.xcassets */; };
		7E5C21411B9EE95900FF1A34 /* LaunchScreen.xib in Resources */ = {isa = PBXBuildFile; fileRef = 7E5C213F1B9EE95900FF1A34 /* LaunchScreen.xib */; };
		7E5C218D1B9F2A2800FF1A34 /* ReaderConfiguration.swift in Sources */ = {isa = PBXBuildFile; fileRef = 7E5C218C1B9F2A2800FF1A34 /* ReaderConfiguration.swift */; };
		7E5C218F1B9F2CAB00FF1A34 /* MyArticleSharingPlugin.swift in Sources */ = {isa = PBXBuildFile; fileRef = 7E5C218E1B9F2CAB00FF1A34 /* MyArticleSharingPlugin.swift */; };
/* End PBXBuildFile section */

/* Begin PBXCopyFilesBuildPhase section */
		55694866216659D9007D2801 /* Embed Frameworks */ = {
			isa = PBXCopyFilesBuildPhase;
			buildActionMask = 2147483647;
			dstPath = "";
			dstSubfolderSpec = 10;
			files = (
				55694865216659D8007D2801 /* MLPDFReaderSDK.framework in Embed Frameworks */,
			);
			name = "Embed Frameworks";
			runOnlyForDeploymentPostprocessing = 0;
		};
/* End PBXCopyFilesBuildPhase section */

/* Begin PBXFileReference section */
		55694863216659D8007D2801 /* MLPDFReaderSDK.framework */ = {isa = PBXFileReference; lastKnownFileType = wrapper.framework; name = MLPDFReaderSDK.framework; path = ../MLPDFReaderSDK.framework; sourceTree = "<group>"; };
		5569486921667F0C007D2801 /* sample.complete */ = {isa = PBXFileReference; lastKnownFileType = file; path = sample.complete; sourceTree = "<group>"; };
		55B784EA21E3B41100E29843 /* fr */ = {isa = PBXFileReference; lastKnownFileType = text.plist.strings; name = fr; path = fr.lproj/Main.strings; sourceTree = "<group>"; };
		55B784EB21E3B41100E29843 /* fr */ = {isa = PBXFileReference; lastKnownFileType = text.plist.strings; name = fr; path = fr.lproj/LaunchScreen.strings; sourceTree = "<group>"; };
		7E5C21311B9EE95900FF1A34 /* MLPDFReaderSDKSample.app */ = {isa = PBXFileReference; explicitFileType = wrapper.application; includeInIndex = 0; path = MLPDFReaderSDKSample.app; sourceTree = BUILT_PRODUCTS_DIR; };
		7E5C21351B9EE95900FF1A34 /* Info.plist */ = {isa = PBXFileReference; lastKnownFileType = text.plist.xml; path = Info.plist; sourceTree = "<group>"; };
		7E5C21361B9EE95900FF1A34 /* AppDelegate.swift */ = {isa = PBXFileReference; lastKnownFileType = sourcecode.swift; path = AppDelegate.swift; sourceTree = "<group>"; };
		7E5C21381B9EE95900FF1A34 /* ViewController.swift */ = {isa = PBXFileReference; lastKnownFileType = sourcecode.swift; path = ViewController.swift; sourceTree = "<group>"; };
		7E5C213B1B9EE95900FF1A34 /* Base */ = {isa = PBXFileReference; lastKnownFileType = file.storyboard; name = Base; path = Base.lproj/Main.storyboard; sourceTree = "<group>"; };
		7E5C213D1B9EE95900FF1A34 /* Images.xcassets */ = {isa = PBXFileReference; lastKnownFileType = folder.assetcatalog; path = Images.xcassets; sourceTree = "<group>"; };
		7E5C21401B9EE95900FF1A34 /* Base */ = {isa = PBXFileReference; lastKnownFileType = file.xib; name = Base; path = Base.lproj/LaunchScreen.xib; sourceTree = "<group>"; };
		7E5C218C1B9F2A2800FF1A34 /* ReaderConfiguration.swift */ = {isa = PBXFileReference; fileEncoding = 4; lastKnownFileType = sourcecode.swift; path = ReaderConfiguration.swift; sourceTree = "<group>"; };
		7E5C218E1B9F2CAB00FF1A34 /* MyArticleSharingPlugin.swift */ = {isa = PBXFileReference; fileEncoding = 4; lastKnownFileType = sourcecode.swift; path = MyArticleSharingPlugin.swift; sourceTree = "<group>"; };
/* End PBXFileReference section */

/* Begin PBXFrameworksBuildPhase section */
		7E5C212E1B9EE95900FF1A34 /* Frameworks */ = {
			isa = PBXFrameworksBuildPhase;
			buildActionMask = 2147483647;
			files = (
				55694864216659D8007D2801 /* MLPDFReaderSDK.framework in Frameworks */,
			);
			runOnlyForDeploymentPostprocessing = 0;
		};
/* End PBXFrameworksBuildPhase section */

/* Begin PBXGroup section */
		5569486721665A04007D2801 /* Frameworks */ = {
			isa = PBXGroup;
			children = (
				55694863216659D8007D2801 /* MLPDFReaderSDK.framework */,
			);
			name = Frameworks;
			sourceTree = "<group>";
		};
		7E5C21281B9EE95900FF1A34 = {
			isa = PBXGroup;
			children = (
				7E5C21331B9EE95900FF1A34 /* MLPDFReaderSDKSample */,
				7E5C21831B9F1C9300FF1A34 /* Resources */,
				5569486721665A04007D2801 /* Frameworks */,
				7E5C21321B9EE95900FF1A34 /* Products */,
			);
			sourceTree = "<group>";
		};
		7E5C21321B9EE95900FF1A34 /* Products */ = {
			isa = PBXGroup;
			children = (
				7E5C21311B9EE95900FF1A34 /* MLPDFReaderSDKSample.app */,
			);
			name = Products;
			sourceTree = "<group>";
		};
		7E5C21331B9EE95900FF1A34 /* MLPDFReaderSDKSample */ = {
			isa = PBXGroup;
			children = (
				7E5C21361B9EE95900FF1A34 /* AppDelegate.swift */,
				7E5C21381B9EE95900FF1A34 /* ViewController.swift */,
				7E5C218C1B9F2A2800FF1A34 /* ReaderConfiguration.swift */,
				7E5C218E1B9F2CAB00FF1A34 /* MyArticleSharingPlugin.swift */,
				7E5C213A1B9EE95900FF1A34 /* Main.storyboard */,
				7E5C213D1B9EE95900FF1A34 /* Images.xcassets */,
				7E5C213F1B9EE95900FF1A34 /* LaunchScreen.xib */,
				7E5C21351B9EE95900FF1A34 /* Info.plist */,
			);
			path = MLPDFReaderSDKSample;
			sourceTree = "<group>";
		};
		7E5C21831B9F1C9300FF1A34 /* Resources */ = {
			isa = PBXGroup;
			children = (
				5569486921667F0C007D2801 /* sample.complete */,
			);
			name = Resources;
			sourceTree = "<group>";
		};
/* End PBXGroup section */

/* Begin PBXNativeTarget section */
		7E5C21301B9EE95900FF1A34 /* MLPDFReaderSDKSample */ = {
			isa = PBXNativeTarget;
			buildConfigurationList = 7E5C21501B9EE95900FF1A34 /* Build configuration list for PBXNativeTarget "MLPDFReaderSDKSample" */;
			buildPhases = (
				7E5C212D1B9EE95900FF1A34 /* Sources */,
				7E5C212E1B9EE95900FF1A34 /* Frameworks */,
				7E5C212F1B9EE95900FF1A34 /* Resources */,
				55694866216659D9007D2801 /* Embed Frameworks */,
				5569486821665A1A007D2801 /* ShellScript */,
			);
			buildRules = (
			);
			dependencies = (
			);
			name = MLPDFReaderSDKSample;
			productName = MLPDFReaderSDKSample;
			productReference = 7E5C21311B9EE95900FF1A34 /* MLPDFReaderSDKSample.app */;
			productType = "com.apple.product-type.application";
		};
/* End PBXNativeTarget section */

/* Begin PBXProject section */
		7E5C21291B9EE95900FF1A34 /* Project object */ = {
			isa = PBXProject;
			attributes = {
				LastSwiftMigration = 0720;
				LastSwiftUpdateCheck = 0720;
				LastUpgradeCheck = 0930;
				ORGANIZATIONNAME = miLibris;
				TargetAttributes = {
					7E5C21301B9EE95900FF1A34 = {
						CreatedOnToolsVersion = 6.4;
						LastSwiftMigration = 1110;
						SystemCapabilities = {
							com.apple.BackgroundModes = {
								enabled = 0;
							};
						};
					};
				};
			};
			buildConfigurationList = 7E5C212C1B9EE95900FF1A34 /* Build configuration list for PBXProject "MLPDFReaderSDKSample" */;
			compatibilityVersion = "Xcode 3.2";
			developmentRegion = en;
			hasScannedForEncodings = 0;
			knownRegions = (
				en,
				Base,
				fr,
			);
			mainGroup = 7E5C21281B9EE95900FF1A34;
			productRefGroup = 7E5C21321B9EE95900FF1A34 /* Products */;
			projectDirPath = "";
			projectRoot = "";
			targets = (
				7E5C21301B9EE95900FF1A34 /* MLPDFReaderSDKSample */,
			);
		};
/* End PBXProject section */

/* Begin PBXResourcesBuildPhase section */
		7E5C212F1B9EE95900FF1A34 /* Resources */ = {
			isa = PBXResourcesBuildPhase;
			buildActionMask = 2147483647;
			files = (
				5569486A21667F0C007D2801 /* sample.complete in Resources */,
				7E5C213C1B9EE95900FF1A34 /* Main.storyboard in Resources */,
				7E5C21411B9EE95900FF1A34 /* LaunchScreen.xib in Resources */,
				7E5C213E1B9EE95900FF1A34 /* Images.xcassets in Resources */,
			);
			runOnlyForDeploymentPostprocessing = 0;
		};
/* End PBXResourcesBuildPhase section */

/* Begin PBXShellScriptBuildPhase section */
		5569486821665A1A007D2801 /* ShellScript */ = {
			isa = PBXShellScriptBuildPhase;
			buildActionMask = 2147483647;
			files = (
			);
			inputFileListPaths = (
			);
			inputPaths = (
			);
			outputFileListPaths = (
			);
			outputPaths = (
			);
			runOnlyForDeploymentPostprocessing = 0;
			shellPath = /bin/sh;
			shellScript = "sh \"${BUILT_PRODUCTS_DIR}/${FRAMEWORKS_FOLDER_PATH}/MLPDFReaderSDK.framework/strip-framework.sh\"\n";
		};
/* End PBXShellScriptBuildPhase section */

/* Begin PBXSourcesBuildPhase section */
		7E5C212D1B9EE95900FF1A34 /* Sources */ = {
			isa = PBXSourcesBuildPhase;
			buildActionMask = 2147483647;
			files = (
				7E5C218F1B9F2CAB00FF1A34 /* MyArticleSharingPlugin.swift in Sources */,
				7E5C218D1B9F2A2800FF1A34 /* ReaderConfiguration.swift in Sources */,
				7E5C21391B9EE95900FF1A34 /* ViewController.swift in Sources */,
				7E5C21371B9EE95900FF1A34 /* AppDelegate.swift in Sources */,
			);
			runOnlyForDeploymentPostprocessing = 0;
		};
/* End PBXSourcesBuildPhase section */

/* Begin PBXVariantGroup section */
		7E5C213A1B9EE95900FF1A34 /* Main.storyboard */ = {
			isa = PBXVariantGroup;
			children = (
				7E5C213B1B9EE95900FF1A34 /* Base */,
				55B784EA21E3B41100E29843 /* fr */,
			);
			name = Main.storyboard;
			sourceTree = "<group>";
		};
		7E5C213F1B9EE95900FF1A34 /* LaunchScreen.xib */ = {
			isa = PBXVariantGroup;
			children = (
				7E5C21401B9EE95900FF1A34 /* Base */,
				55B784EB21E3B41100E29843 /* fr */,
			);
			name = LaunchScreen.xib;
			sourceTree = "<group>";
		};
/* End PBXVariantGroup section */

/* Begin XCBuildConfiguration section */
		7E5C214E1B9EE95900FF1A34 /* Debug */ = {
			isa = XCBuildConfiguration;
			buildSettings = {
				ALWAYS_SEARCH_USER_PATHS = NO;
				CLANG_ANALYZER_LOCALIZABILITY_NONLOCALIZED = YES;
				CLANG_CXX_LANGUAGE_STANDARD = "gnu++0x";
				CLANG_CXX_LIBRARY = "libc++";
				CLANG_ENABLE_MODULES = YES;
				CLANG_ENABLE_OBJC_ARC = YES;
				CLANG_WARN_BLOCK_CAPTURE_AUTORELEASING = YES;
				CLANG_WARN_BOOL_CONVERSION = YES;
				CLANG_WARN_COMMA = YES;
				CLANG_WARN_CONSTANT_CONVERSION = YES;
				CLANG_WARN_DEPRECATED_OBJC_IMPLEMENTATIONS = YES;
				CLANG_WARN_DIRECT_OBJC_ISA_USAGE = YES_ERROR;
				CLANG_WARN_EMPTY_BODY = YES;
				CLANG_WARN_ENUM_CONVERSION = YES;
				CLANG_WARN_INFINITE_RECURSION = YES;
				CLANG_WARN_INT_CONVERSION = YES;
				CLANG_WARN_NON_LITERAL_NULL_CONVERSION = YES;
				CLANG_WARN_OBJC_IMPLICIT_RETAIN_SELF = YES;
				CLANG_WARN_OBJC_LITERAL_CONVERSION = YES;
				CLANG_WARN_OBJC_ROOT_CLASS = YES_ERROR;
				CLANG_WARN_RANGE_LOOP_ANALYSIS = YES;
				CLANG_WARN_STRICT_PROTOTYPES = YES;
				CLANG_WARN_SUSPICIOUS_MOVE = YES;
				CLANG_WARN_UNREACHABLE_CODE = YES;
				CLANG_WARN__DUPLICATE_METHOD_MATCH = YES;
				"CODE_SIGN_IDENTITY[sdk=iphoneos*]" = "iPhone Developer";
				COPY_PHASE_STRIP = NO;
				ENABLE_STRICT_OBJC_MSGSEND = YES;
				ENABLE_TESTABILITY = YES;
				GCC_C_LANGUAGE_STANDARD = gnu99;
				GCC_DYNAMIC_NO_PIC = NO;
				GCC_NO_COMMON_BLOCKS = YES;
				GCC_OPTIMIZATION_LEVEL = 0;
				GCC_PREPROCESSOR_DEFINITIONS = (
					"DEBUG=1",
					"$(inherited)",
				);
				GCC_SYMBOLS_PRIVATE_EXTERN = NO;
				GCC_WARN_64_TO_32_BIT_CONVERSION = YES;
				GCC_WARN_ABOUT_RETURN_TYPE = YES_ERROR;
				GCC_WARN_UNDECLARED_SELECTOR = YES;
				GCC_WARN_UNINITIALIZED_AUTOS = YES_AGGRESSIVE;
				GCC_WARN_UNUSED_FUNCTION = YES;
				GCC_WARN_UNUSED_VARIABLE = YES;
				IPHONEOS_DEPLOYMENT_TARGET = 10.0;
				MTL_ENABLE_DEBUG_INFO = YES;
				ONLY_ACTIVE_ARCH = YES;
				SDKROOT = iphoneos;
				SWIFT_OPTIMIZATION_LEVEL = "-Onone";
				TARGETED_DEVICE_FAMILY = "1,2";
			};
			name = Debug;
		};
		7E5C214F1B9EE95900FF1A34 /* Release */ = {
			isa = XCBuildConfiguration;
			buildSettings = {
				ALWAYS_SEARCH_USER_PATHS = NO;
				CLANG_ANALYZER_LOCALIZABILITY_NONLOCALIZED = YES;
				CLANG_CXX_LANGUAGE_STANDARD = "gnu++0x";
				CLANG_CXX_LIBRARY = "libc++";
				CLANG_ENABLE_MODULES = YES;
				CLANG_ENABLE_OBJC_ARC = YES;
				CLANG_WARN_BLOCK_CAPTURE_AUTORELEASING = YES;
				CLANG_WARN_BOOL_CONVERSION = YES;
				CLANG_WARN_COMMA = YES;
				CLANG_WARN_CONSTANT_CONVERSION = YES;
				CLANG_WARN_DEPRECATED_OBJC_IMPLEMENTATIONS = YES;
				CLANG_WARN_DIRECT_OBJC_ISA_USAGE = YES_ERROR;
				CLANG_WARN_EMPTY_BODY = YES;
				CLANG_WARN_ENUM_CONVERSION = YES;
				CLANG_WARN_INFINITE_RECURSION = YES;
				CLANG_WARN_INT_CONVERSION = YES;
				CLANG_WARN_NON_LITERAL_NULL_CONVERSION = YES;
				CLANG_WARN_OBJC_IMPLICIT_RETAIN_SELF = YES;
				CLANG_WARN_OBJC_LITERAL_CONVERSION = YES;
				CLANG_WARN_OBJC_ROOT_CLASS = YES_ERROR;
				CLANG_WARN_RANGE_LOOP_ANALYSIS = YES;
				CLANG_WARN_STRICT_PROTOTYPES = YES;
				CLANG_WARN_SUSPICIOUS_MOVE = YES;
				CLANG_WARN_UNREACHABLE_CODE = YES;
				CLANG_WARN__DUPLICATE_METHOD_MATCH = YES;
				"CODE_SIGN_IDENTITY[sdk=iphoneos*]" = "iPhone Developer";
				COPY_PHASE_STRIP = NO;
				ENABLE_NS_ASSERTIONS = NO;
				ENABLE_STRICT_OBJC_MSGSEND = YES;
				GCC_C_LANGUAGE_STANDARD = gnu99;
				GCC_NO_COMMON_BLOCKS = YES;
				GCC_WARN_64_TO_32_BIT_CONVERSION = YES;
				GCC_WARN_ABOUT_RETURN_TYPE = YES_ERROR;
				GCC_WARN_UNDECLARED_SELECTOR = YES;
				GCC_WARN_UNINITIALIZED_AUTOS = YES_AGGRESSIVE;
				GCC_WARN_UNUSED_FUNCTION = YES;
				GCC_WARN_UNUSED_VARIABLE = YES;
				IPHONEOS_DEPLOYMENT_TARGET = 10.0;
				MTL_ENABLE_DEBUG_INFO = NO;
				SDKROOT = iphoneos;
				SWIFT_OPTIMIZATION_LEVEL = "-Owholemodule";
				TARGETED_DEVICE_FAMILY = "1,2";
				VALIDATE_PRODUCT = YES;
			};
			name = Release;
		};
		7E5C21511B9EE95900FF1A34 /* Debug */ = {
			isa = XCBuildConfiguration;
			buildSettings = {
				ASSETCATALOG_COMPILER_APPICON_NAME = AppIcon;
				CLANG_ENABLE_MODULES = YES;
				FRAMEWORK_SEARCH_PATHS = (
					"$(inherited)",
					"$(PROJECT_DIR)/..",
				);
				INFOPLIST_FILE = MLPDFReaderSDKSample/Info.plist;
				LD_RUNPATH_SEARCH_PATHS = "$(inherited) @executable_path/Frameworks";
				PRODUCT_BUNDLE_IDENTIFIER = "com.milibris.$(PRODUCT_NAME:rfc1034identifier)";
				PRODUCT_NAME = "$(TARGET_NAME)";
				SWIFT_OPTIMIZATION_LEVEL = "-Onone";
				SWIFT_VERSION = 5.0;
			};
			name = Debug;
		};
		7E5C21521B9EE95900FF1A34 /* Release */ = {
			isa = XCBuildConfiguration;
			buildSettings = {
				ASSETCATALOG_COMPILER_APPICON_NAME = AppIcon;
				CLANG_ENABLE_MODULES = YES;
				FRAMEWORK_SEARCH_PATHS = (
					"$(inherited)",
					"$(PROJECT_DIR)/..",
				);
				INFOPLIST_FILE = MLPDFReaderSDKSample/Info.plist;
				LD_RUNPATH_SEARCH_PATHS = "$(inherited) @executable_path/Frameworks";
				PRODUCT_BUNDLE_IDENTIFIER = "com.milibris.$(PRODUCT_NAME:rfc1034identifier)";
				PRODUCT_NAME = "$(TARGET_NAME)";
				SWIFT_VERSION = 5.0;
			};
			name = Release;
		};
/* End XCBuildConfiguration section */

/* Begin XCConfigurationList section */
		7E5C212C1B9EE95900FF1A34 /* Build configuration list for PBXProject "MLPDFReaderSDKSample" */ = {
			isa = XCConfigurationList;
			buildConfigurations = (
				7E5C214E1B9EE95900FF1A34 /* Debug */,
				7E5C214F1B9EE95900FF1A34 /* Release */,
			);
			defaultConfigurationIsVisible = 0;
			defaultConfigurationName = Release;
		};
		7E5C21501B9EE95900FF1A34 /* Build configuration list for PBXNativeTarget "MLPDFReaderSDKSample" */ = {
			isa = XCConfigurationList;
			buildConfigurations = (
				7E5C21511B9EE95900FF1A34 /* Debug */,
				7E5C21521B9EE95900FF1A34 /* Release */,
			);
			defaultConfigurationIsVisible = 0;
			defaultConfigurationName = Release;
		};
/* End XCConfigurationList section */
	};
	rootObject = 7E5C21291B9EE95900FF1A34 /* Project object */;
}
